{
  "name": "adding-slots-to-a-web-component-exercises",
  "lockfileVersion": 2,
  "requires": true,
  "packages": {
    "": {
      "dependencies": {
        "odyssey-test-utils": "^1.1.1"
      }
    },
    "node_modules/odyssey-test-utils": {
      "version": "1.1.1",
      "resolved": "https://registry.npmjs.org/odyssey-test-utils/-/odyssey-test-utils-1.1.1.tgz",
      "integrity": "sha512-4vBtz3V/nfrfTgR3nSmW85q+w1Jk8qE4tIzRrUzYP8I7ENrdC8mPoJlUNNlT8X8hlnFRz2YffXDDC8oldWhgpQ==",
      "engines": {
        "node": ">=18.0.0"
      }
    }
  },
  "dependencies": {
    "odyssey-test-utils": {
      "version": "1.1.1",
      "resolved": "https://registry.npmjs.org/odyssey-test-utils/-/odyssey-test-utils-1.1.1.tgz",
      "integrity": "sha512-4vBtz3V/nfrfTgR3nSmW85q+w1Jk8qE4tIzRrUzYP8I7ENrdC8mPoJlUNNlT8X8hlnFRz2YffXDDC8oldWhgpQ=="
    }
  }
}
